
Microsoft Visual Studio Solution File, Format Version 12.00
# Visual Studio Version 17
VisualStudioVersion = 17.5.33414.496
MinimumVisualStudioVersion = 10.0.40219.1
Project("{FAE04EC0-301F-11D3-BF4B-00C04F79EFBC}") = "tpmodul9_1302213019", "tpmodul9_1302213019\tpmodul9_1302213019.csproj", "{ED6EB66C-B716-44A5-8FAF-37A0EEC4B009}"
EndProject
Global
	GlobalSection(SolutionConfigurationPlatforms) = preSolution
		Debug|Any CPU = Debug|Any CPU
		Release|Any CPU = Release|Any CPU
	EndGlobalSection
	GlobalSection(ProjectConfigurationPlatforms) = postSolution
		{ED6EB66C-B716-44A5-8FAF-37A0EEC4B009}.Debug|Any CPU.ActiveCfg = Debug|Any CPU
		{ED6EB66C-B716-44A5-8FAF-37A0EEC4B009}.Debug|Any CPU.Build.0 = Debug|Any CPU
		{ED6EB66C-B716-44A5-8FAF-37A0EEC4B009}.Release|Any CPU.ActiveCfg = Release|Any CPU
		{ED6EB66C-B716-44A5-8FAF-37A0EEC4B009}.Release|Any CPU.Build.0 = Release|Any CPU
	EndGlobalSection
	GlobalSection(SolutionProperties) = preSolution
		HideSolutionNode = FALSE
	EndGlobalSection
	GlobalSection(ExtensibilityGlobals) = postSolution
		SolutionGuid = {D4DB6C58-B707-4D47-9208-C00B003B00C5}
	EndGlobalSection
EndGlobal
